
Microsoft Visual Studio Solution File, Format Version 12.00
# Visual Studio Version 16
VisualStudioVersion = 16.0.30002.166
MinimumVisualStudioVersion = 10.0.40219.1
Project("{9A19103F-16F7-4668-BE54-9A1E7A4F7556}") = "PartyFinder.UI", "PartyFinder.UI\PartyFinder.UI.csproj", "{F445440D-60F0-40B4-9583-A4982DD4AB07}"
EndProject
Project("{9A19103F-16F7-4668-BE54-9A1E7A4F7556}") = "PartyFinder.DAL", "PartyFinder.Dal\PartyFinder.DAL.csproj", "{056A6811-0C7A-4342-B82C-B216D904EB7D}"
EndProject
Project("{FAE04EC0-301F-11D3-BF4B-00C04F79EFBC}") = "PartyFinder.BLL", "PartyFinder.BLL\PartyFinder.BLL.csproj", "{606E2801-892D-4EC3-93AC-4CF2BC3FF858}"
EndProject
Global
	GlobalSection(SolutionConfigurationPlatforms) = preSolution
		Debug|Any CPU = Debug|Any CPU
		Release|Any CPU = Release|Any CPU
	EndGlobalSection
	GlobalSection(ProjectConfigurationPlatforms) = postSolution
		{F445440D-60F0-40B4-9583-A4982DD4AB07}.Debug|Any CPU.ActiveCfg = Debug|Any CPU
		{F445440D-60F0-40B4-9583-A4982DD4AB07}.Debug|Any CPU.Build.0 = Debug|Any CPU
		{F445440D-60F0-40B4-9583-A4982DD4AB07}.Release|Any CPU.ActiveCfg = Release|Any CPU
		{F445440D-60F0-40B4-9583-A4982DD4AB07}.Release|Any CPU.Build.0 = Release|Any CPU
		{056A6811-0C7A-4342-B82C-B216D904EB7D}.Debug|Any CPU.ActiveCfg = Debug|Any CPU
		{056A6811-0C7A-4342-B82C-B216D904EB7D}.Debug|Any CPU.Build.0 = Debug|Any CPU
		{056A6811-0C7A-4342-B82C-B216D904EB7D}.Release|Any CPU.ActiveCfg = Release|Any CPU
		{056A6811-0C7A-4342-B82C-B216D904EB7D}.Release|Any CPU.Build.0 = Release|Any CPU
		{606E2801-892D-4EC3-93AC-4CF2BC3FF858}.Debug|Any CPU.ActiveCfg = Debug|Any CPU
		{606E2801-892D-4EC3-93AC-4CF2BC3FF858}.Debug|Any CPU.Build.0 = Debug|Any CPU
		{606E2801-892D-4EC3-93AC-4CF2BC3FF858}.Release|Any CPU.ActiveCfg = Release|Any CPU
		{606E2801-892D-4EC3-93AC-4CF2BC3FF858}.Release|Any CPU.Build.0 = Release|Any CPU
	EndGlobalSection
	GlobalSection(SolutionProperties) = preSolution
		HideSolutionNode = FALSE
	EndGlobalSection
	GlobalSection(ExtensibilityGlobals) = postSolution
		SolutionGuid = {6E8B0796-D170-4233-BF1D-FBEDCAD19F62}
	EndGlobalSection
EndGlobal
